
Microsoft Visual Studio Solution File, Format Version 12.00
# Visual Studio Version 16
VisualStudioVersion = 16.0.29926.136
MinimumVisualStudioVersion = 10.0.40219.1
Project("{9A19103F-16F7-4668-BE54-9A1E7A4F7556}") = "DataMapper", "DataMapper\DataMapper.csproj", "{7523110B-D412-4436-91F3-D7F5B3D45A11}"
EndProject
Project("{9A19103F-16F7-4668-BE54-9A1E7A4F7556}") = "DomainModel", "DomainModel\DomainModel.csproj", "{57BF8B67-E40F-4B66-A2A4-F77AF9AF6B80}"
EndProject
Project("{9A19103F-16F7-4668-BE54-9A1E7A4F7556}") = "ServiceLayer", "ServiceLayer\ServiceLayer.csproj", "{E091F4D6-2116-4312-A0D6-1CDC233ED4E1}"
EndProject
Project("{9A19103F-16F7-4668-BE54-9A1E7A4F7556}") = "ConsoleApp1", "ConsoleApp1\ConsoleApp1.csproj", "{11580EF4-AAFE-4482-BDDD-4212AC69A463}"
EndProject
Project("{9A19103F-16F7-4668-BE54-9A1E7A4F7556}") = "TestDomainModel", "TestDomainModel\TestDomainModel.csproj", "{00987868-3352-46A3-B15C-C0D9F3953707}"
EndProject
Project("{FAE04EC0-301F-11D3-BF4B-00C04F79EFBC}") = "ServiceLayerTest", "ServiceLayerTest\ServiceLayerTest.csproj", "{DF5105C5-D490-423D-BA89-DFFC4391767C}"
EndProject
Global
	GlobalSection(SolutionConfigurationPlatforms) = preSolution
		Debug|Any CPU = Debug|Any CPU
		Release|Any CPU = Release|Any CPU
	EndGlobalSection
	GlobalSection(ProjectConfigurationPlatforms) = postSolution
		{7523110B-D412-4436-91F3-D7F5B3D45A11}.Debug|Any CPU.ActiveCfg = Debug|Any CPU
		{7523110B-D412-4436-91F3-D7F5B3D45A11}.Debug|Any CPU.Build.0 = Debug|Any CPU
		{7523110B-D412-4436-91F3-D7F5B3D45A11}.Release|Any CPU.ActiveCfg = Release|Any CPU
		{7523110B-D412-4436-91F3-D7F5B3D45A11}.Release|Any CPU.Build.0 = Release|Any CPU
		{57BF8B67-E40F-4B66-A2A4-F77AF9AF6B80}.Debug|Any CPU.ActiveCfg = Debug|Any CPU
		{57BF8B67-E40F-4B66-A2A4-F77AF9AF6B80}.Debug|Any CPU.Build.0 = Debug|Any CPU
		{57BF8B67-E40F-4B66-A2A4-F77AF9AF6B80}.Release|Any CPU.ActiveCfg = Release|Any CPU
		{57BF8B67-E40F-4B66-A2A4-F77AF9AF6B80}.Release|Any CPU.Build.0 = Release|Any CPU
		{E091F4D6-2116-4312-A0D6-1CDC233ED4E1}.Debug|Any CPU.ActiveCfg = Debug|Any CPU
		{E091F4D6-2116-4312-A0D6-1CDC233ED4E1}.Debug|Any CPU.Build.0 = Debug|Any CPU
		{E091F4D6-2116-4312-A0D6-1CDC233ED4E1}.Release|Any CPU.ActiveCfg = Release|Any CPU
		{E091F4D6-2116-4312-A0D6-1CDC233ED4E1}.Release|Any CPU.Build.0 = Release|Any CPU
		{11580EF4-AAFE-4482-BDDD-4212AC69A463}.Debug|Any CPU.ActiveCfg = Debug|Any CPU
		{11580EF4-AAFE-4482-BDDD-4212AC69A463}.Debug|Any CPU.Build.0 = Debug|Any CPU
		{11580EF4-AAFE-4482-BDDD-4212AC69A463}.Release|Any CPU.ActiveCfg = Release|Any CPU
		{11580EF4-AAFE-4482-BDDD-4212AC69A463}.Release|Any CPU.Build.0 = Release|Any CPU
		{00987868-3352-46A3-B15C-C0D9F3953707}.Debug|Any CPU.ActiveCfg = Debug|Any CPU
		{00987868-3352-46A3-B15C-C0D9F3953707}.Debug|Any CPU.Build.0 = Debug|Any CPU
		{00987868-3352-46A3-B15C-C0D9F3953707}.Release|Any CPU.ActiveCfg = Release|Any CPU
		{00987868-3352-46A3-B15C-C0D9F3953707}.Release|Any CPU.Build.0 = Release|Any CPU
		{DF5105C5-D490-423D-BA89-DFFC4391767C}.Debug|Any CPU.ActiveCfg = Debug|Any CPU
		{DF5105C5-D490-423D-BA89-DFFC4391767C}.Debug|Any CPU.Build.0 = Debug|Any CPU
		{DF5105C5-D490-423D-BA89-DFFC4391767C}.Release|Any CPU.ActiveCfg = Release|Any CPU
		{DF5105C5-D490-423D-BA89-DFFC4391767C}.Release|Any CPU.Build.0 = Release|Any CPU
	EndGlobalSection
	GlobalSection(SolutionProperties) = preSolution
		HideSolutionNode = FALSE
	EndGlobalSection
	GlobalSection(ExtensibilityGlobals) = postSolution
		SolutionGuid = {E0A08572-7CEB-4507-9C54-25D6EDF3E42A}
	EndGlobalSection
EndGlobal
