
Microsoft Visual Studio Solution File, Format Version 12.00
# Visual Studio Version 16
VisualStudioVersion = 16.0.29926.136
MinimumVisualStudioVersion = 10.0.40219.1
Project("{FAE04EC0-301F-11D3-BF4B-00C04F79EFBC}") = "ServiceLayer", "ServiceLayer\ServiceLayer.csproj", "{61697CA2-86D5-4A3D-A47F-4EA1794BEFE6}"
EndProject
Global
	GlobalSection(SolutionConfigurationPlatforms) = preSolution
		Debug|Any CPU = Debug|Any CPU
		Release|Any CPU = Release|Any CPU
	EndGlobalSection
	GlobalSection(ProjectConfigurationPlatforms) = postSolution
		{61697CA2-86D5-4A3D-A47F-4EA1794BEFE6}.Debug|Any CPU.ActiveCfg = Debug|Any CPU
		{61697CA2-86D5-4A3D-A47F-4EA1794BEFE6}.Debug|Any CPU.Build.0 = Debug|Any CPU
		{61697CA2-86D5-4A3D-A47F-4EA1794BEFE6}.Release|Any CPU.ActiveCfg = Release|Any CPU
		{61697CA2-86D5-4A3D-A47F-4EA1794BEFE6}.Release|Any CPU.Build.0 = Release|Any CPU
	EndGlobalSection
	GlobalSection(SolutionProperties) = preSolution
		HideSolutionNode = FALSE
	EndGlobalSection
	GlobalSection(ExtensibilityGlobals) = postSolution
		SolutionGuid = {2EF37883-5D8E-4CD2-92BD-8CB5098CFE9C}
	EndGlobalSection
EndGlobal
